
Microsoft Visual Studio Solution File, Format Version 12.00
# Visual Studio Version 17
VisualStudioVersion = 17.10.34707.107
MinimumVisualStudioVersion = 10.0.40219.1
Project("{9A19103F-16F7-4668-BE54-9A1E7A4F7556}") = "UniversityTinder", "UniversityTinder\UniversityTinder.csproj", "{EF5FBB24-E4CA-4613-BB26-3EA8810AA0B2}"
EndProject
Project("{9A19103F-16F7-4668-BE54-9A1E7A4F7556}") = "Utility", "Utility\Utility.csproj", "{B01FF974-2ACF-43DC-97C4-854EF9B67750}"
EndProject
Global
	GlobalSection(SolutionConfigurationPlatforms) = preSolution
		Debug|Any CPU = Debug|Any CPU
		Release|Any CPU = Release|Any CPU
	EndGlobalSection
	GlobalSection(ProjectConfigurationPlatforms) = postSolution
		{EF5FBB24-E4CA-4613-BB26-3EA8810AA0B2}.Debug|Any CPU.ActiveCfg = Debug|Any CPU
		{EF5FBB24-E4CA-4613-BB26-3EA8810AA0B2}.Debug|Any CPU.Build.0 = Debug|Any CPU
		{EF5FBB24-E4CA-4613-BB26-3EA8810AA0B2}.Release|Any CPU.ActiveCfg = Release|Any CPU
		{EF5FBB24-E4CA-4613-BB26-3EA8810AA0B2}.Release|Any CPU.Build.0 = Release|Any CPU
		{B01FF974-2ACF-43DC-97C4-854EF9B67750}.Debug|Any CPU.ActiveCfg = Debug|Any CPU
		{B01FF974-2ACF-43DC-97C4-854EF9B67750}.Debug|Any CPU.Build.0 = Debug|Any CPU
		{B01FF974-2ACF-43DC-97C4-854EF9B67750}.Release|Any CPU.ActiveCfg = Release|Any CPU
		{B01FF974-2ACF-43DC-97C4-854EF9B67750}.Release|Any CPU.Build.0 = Release|Any CPU
	EndGlobalSection
	GlobalSection(SolutionProperties) = preSolution
		HideSolutionNode = FALSE
	EndGlobalSection
	GlobalSection(ExtensibilityGlobals) = postSolution
		SolutionGuid = {5D7F806D-FDE4-4901-B20B-FBB4CCEC1A97}
	EndGlobalSection
EndGlobal
